
Microsoft Visual Studio Solution File, Format Version 12.00
# Visual Studio Version 17
VisualStudioVersion = 17.5.002.0
MinimumVisualStudioVersion = 10.0.40219.1
Project("{9A19103F-16F7-4668-BE54-9A1E7A4F7556}") = "projeto-musical", "projeto-musical.csproj", "{07A7AEB8-DB3B-46EC-B7F2-A7555D33FDF2}"
EndProject
Global
	GlobalSection(SolutionConfigurationPlatforms) = preSolution
		Debug|Any CPU = Debug|Any CPU
		Release|Any CPU = Release|Any CPU
	EndGlobalSection
	GlobalSection(ProjectConfigurationPlatforms) = postSolution
		{07A7AEB8-DB3B-46EC-B7F2-A7555D33FDF2}.Debug|Any CPU.ActiveCfg = Debug|Any CPU
		{07A7AEB8-DB3B-46EC-B7F2-A7555D33FDF2}.Debug|Any CPU.Build.0 = Debug|Any CPU
		{07A7AEB8-DB3B-46EC-B7F2-A7555D33FDF2}.Release|Any CPU.ActiveCfg = Release|Any CPU
		{07A7AEB8-DB3B-46EC-B7F2-A7555D33FDF2}.Release|Any CPU.Build.0 = Release|Any CPU
	EndGlobalSection
	GlobalSection(SolutionProperties) = preSolution
		HideSolutionNode = FALSE
	EndGlobalSection
	GlobalSection(ExtensibilityGlobals) = postSolution
		SolutionGuid = {45B820C1-C276-4A42-81A6-F73D5E714A22}
	EndGlobalSection
EndGlobal
